// !$*UTF8*$!
{
	archiveVersion = 1;
	classes = {
	};
	objectVersion = 56;
	objects = {

/* Begin PBXBuildFile section */
		E9A7B9F12B2D8F4C00F8A123 /* AppDelegate.swift in Sources */ = {isa = PBXBuildFile; fileRef = E9A7B9F02B2D8F4C00F8A123 /* AppDelegate.swift */; };
		E9A7B9F32B2D8F4C00F8A123 /* ContentView.swift in Sources */ = {isa = PBXBuildFile; fileRef = E9A7B9F22B2D8F4C00F8A123 /* ContentView.swift */; };
		E9A7BA002B2D8F7400F8A123 /* SecurityFeature.swift in Sources */ = {isa = PBXBuildFile; fileRef = E9A7B9FF2B2D8F7400F8A123 /* SecurityFeature.swift */; };
		E9A7BA022B2D8F8A00F8A123 /* LogEntry.swift in Sources */ = {isa = PBXBuildFile; fileRef = E9A7BA012B2D8F8A00F8A123 /* LogEntry.swift */; };
		E9A7BA042B2D8FA200F8A123 /* MockData.swift in Sources */ = {isa = PBXBuildFile; fileRef = E9A7BA032B2D8FA200F8A123 /* MockData.swift */; };
		E9A7BA062B2D8FC100F8A123 /* StatusCardView.swift in Sources */ = {isa = PBXBuildFile; fileRef = E9A7BA052B2D8FC100F8A123 /* StatusCardView.swift */; };
		E9A7BA082B2D8FDE00F8A123 /* SecurityFeatureView.swift in Sources */ = {isa = PBXBuildFile; fileRef = E9A7BA072B2D8FDE00F8A123 /* SecurityFeatureView.swift */; };
		E9A7BA0A2B2D8FF900F8A123 /* ActivityLogsView.swift in Sources */ = {isa = PBXBuildFile; fileRef = E9A7BA092B2D8FF900F8A123 /* ActivityLogsView.swift */; };
		E9A7BA0C2B2D901500F8A123 /* SecurityDashboardView.swift in Sources */ = {isa = PBXBuildFile; fileRef = E9A7BA0B2B2D901500F8A123 /* SecurityDashboardView.swift */; };
		E9A7BA0E2B2D903500F8A123 /* Color+Extensions.swift in Sources */ = {isa = PBXBuildFile; fileRef = E9A7BA0D2B2D903500F8A123 /* Color+Extensions.swift */; };
		E9A7BA102B2D905000F8A123 /* HeaderView.swift in Sources */ = {isa = PBXBuildFile; fileRef = E9A7BA0F2B2D905000F8A123 /* HeaderView.swift */; };
		E9A7BA142B2D910000F8A123 /* StatusUtils.swift in Sources */ = {isa = PBXBuildFile; fileRef = E9A7BA132B2D910000F8A123 /* StatusUtils.swift */; };
		E9A7BA162B2D911000F8A123 /* DateFormatters.swift in Sources */ = {isa = PBXBuildFile; fileRef = E9A7BA152B2D911000F8A123 /* DateFormatters.swift */; };
		E9A7BA182B2D912000F8A123 /* SecurityFeatureIcon.swift in Sources */ = {isa = PBXBuildFile; fileRef = E9A7BA172B2D912000F8A123 /* SecurityFeatureIcon.swift */; };
		E9A7BA1A2B2D913000F8A123 /* EnhancedSecurityFeatureView.swift in Sources */ = {isa = PBXBuildFile; fileRef = E9A7BA192B2D913000F8A123 /* EnhancedSecurityFeatureView.swift */; };
		E9A7BA1C2B2D914000F8A123 /* EnhancedStatusCardView.swift in Sources */ = {isa = PBXBuildFile; fileRef = E9A7BA1B2B2D914000F8A123 /* EnhancedStatusCardView.swift */; };
		E9A7BA1E2B2D915000F8A123 /* EnhancedSecurityDashboardView.swift in Sources */ = {isa = PBXBuildFile; fileRef = E9A7BA1D2B2D915000F8A123 /* EnhancedSecurityDashboardView.swift */; };
		E9A7BA202B2D916000F8A123 /* AppSidebarView.swift in Sources */ = {isa = PBXBuildFile; fileRef = E9A7BA1F2B2D916000F8A123 /* AppSidebarView.swift */; };
		E9A7BA222B2D917000F8A123 /* XProtectLogsView.swift in Sources */ = {isa = PBXBuildFile; fileRef = E9A7BA212B2D917000F8A123 /* XProtectLogsView.swift */; };
		E9A7BA242B2D918000F8A123 /* SystemSecurityManager.swift in Sources */ = {isa = PBXBuildFile; fileRef = E9A7BA232B2D918000F8A123 /* SystemSecurityManager.swift */; };
/* End PBXBuildFile section */

/* Begin PBXFileReference section */
		E9A7B9ED2B2D8F4C00F8A123 /* MacSentinelWatch.app */ = {isa = PBXFileReference; explicitFileType = wrapper.application; includeInIndex = 0; path = MacSentinelWatch.app; sourceTree = BUILT_PRODUCTS_DIR; };
		E9A7B9F02B2D8F4C00F8A123 /* AppDelegate.swift */ = {isa = PBXFileReference; lastKnownFileType = sourcecode.swift; path = AppDelegate.swift; sourceTree = "<group>"; };
		E9A7B9F22B2D8F4C00F8A123 /* ContentView.swift */ = {isa = PBXFileReference; lastKnownFileType = sourcecode.swift; path = ContentView.swift; sourceTree = "<group>"; };
		E9A7B9F92B2D8F4D00F8A123 /* MacSentinelWatch.entitlements */ = {isa = PBXFileReference; lastKnownFileType = text.plist.entitlements; path = MacSentinelWatch.entitlements; sourceTree = "<group>"; };
		E9A7B9FF2B2D8F7400F8A123 /* SecurityFeature.swift */ = {isa = PBXFileReference; lastKnownFileType = sourcecode.swift; path = SecurityFeature.swift; sourceTree = "<group>"; };
		E9A7BA012B2D8F8A00F8A123 /* LogEntry.swift */ = {isa = PBXFileReference; lastKnownFileType = sourcecode.swift; path = LogEntry.swift; sourceTree = "<group>"; };
		E9A7BA032B2D8FA200F8A123 /* MockData.swift */ = {isa = PBXFileReference; lastKnownFileType = sourcecode.swift; path = MockData.swift; sourceTree = "<group>"; };
		E9A7BA052B2D8FC100F8A123 /* StatusCardView.swift */ = {isa = PBXFileReference; lastKnownFileType = sourcecode.swift; path = StatusCardView.swift; sourceTree = "<group>"; };
		E9A7BA072B2D8FDE00F8A123 /* SecurityFeatureView.swift */ = {isa = PBXFileReference; lastKnownFileType = sourcecode.swift; path = SecurityFeatureView.swift; sourceTree = "<group>"; };
		E9A7BA092B2D8FF900F8A123 /* ActivityLogsView.swift */ = {isa = PBXFileReference; lastKnownFileType = sourcecode.swift; path = ActivityLogsView.swift; sourceTree = "<group>"; };
		E9A7BA0B2B2D901500F8A123 /* SecurityDashboardView.swift */ = {isa = PBXFileReference; lastKnownFileType = sourcecode.swift; path = SecurityDashboardView.swift; sourceTree = "<group>"; };
		E9A7BA0D2B2D903500F8A123 /* Color+Extensions.swift */ = {isa = PBXFileReference; lastKnownFileType = sourcecode.swift; path = "Color+Extensions.swift"; sourceTree = "<group>"; };
		E9A7BA0F2B2D905000F8A123 /* HeaderView.swift */ = {isa = PBXFileReference; lastKnownFileType = sourcecode.swift; path = HeaderView.swift; sourceTree = "<group>"; };
		E9A7BA132B2D910000F8A123 /* StatusUtils.swift */ = {isa = PBXFileReference; lastKnownFileType = sourcecode.swift; path = StatusUtils.swift; sourceTree = "<group>"; };
		E9A7BA152B2D911000F8A123 /* DateFormatters.swift */ = {isa = PBXFileReference; lastKnownFileType = sourcecode.swift; path = DateFormatters.swift; sourceTree = "<group>"; };
		E9A7BA172B2D912000F8A123 /* SecurityFeatureIcon.swift */ = {isa = PBXFileReference; lastKnownFileType = sourcecode.swift; path = SecurityFeatureIcon.swift; sourceTree = "<group>"; };
		E9A7BA192B2D913000F8A123 /* EnhancedSecurityFeatureView.swift */ = {isa = PBXFileReference; lastKnownFileType = sourcecode.swift; path = EnhancedSecurityFeatureView.swift; sourceTree = "<group>"; };
		E9A7BA1B2B2D914000F8A123 /* EnhancedStatusCardView.swift */ = {isa = PBXFileReference; lastKnownFileType = sourcecode.swift; path = EnhancedStatusCardView.swift; sourceTree = "<group>"; };
		E9A7BA1D2B2D915000F8A123 /* EnhancedSecurityDashboardView.swift */ = {isa = PBXFileReference; lastKnownFileType = sourcecode.swift; path = EnhancedSecurityDashboardView.swift; sourceTree = "<group>"; };
		E9A7BA1F2B2D916000F8A123 /* AppSidebarView.swift */ = {isa = PBXFileReference; lastKnownFileType = sourcecode.swift; path = AppSidebarView.swift; sourceTree = "<group>"; };
		E9A7BA212B2D917000F8A123 /* XProtectLogsView.swift */ = {isa = PBXFileReference; lastKnownFileType = sourcecode.swift; path = XProtectLogsView.swift; sourceTree = "<group>"; };
		E9A7BA232B2D918000F8A123 /* SystemSecurityManager.swift */ = {isa = PBXFileReference; lastKnownFileType = sourcecode.swift; path = SystemSecurityManager.swift; sourceTree = "<group>"; };
/* End PBXFileReference section */

/* Begin PBXFrameworksBuildPhase section */
		E9A7B9EA2B2D8F4C00F8A123 /* Frameworks */ = {
			isa = PBXFrameworksBuildPhase;
			buildActionMask = 2147483647;
			files = (
			);
			runOnlyForDeploymentPostprocessing = 0;
		};
/* End PBXFrameworksBuildPhase section */

/* Begin PBXGroup section */
		E9A7B9E42B2D8F4C00F8A123 = {
			isa = PBXGroup;
			children = (
				E9A7B9EF2B2D8F4C00F8A123 /* MacSentinelWatch */,
				E9A7B9EE2B2D8F4C00F8A123 /* Products */,
			);
			sourceTree = "<group>";
		};
		E9A7B9EE2B2D8F4C00F8A123 /* Products */ = {
			isa = PBXGroup;
			children = (
				E9A7B9ED2B2D8F4C00F8A123 /* MacSentinelWatch.app */,
			);
			name = Products;
			sourceTree = "<group>";
		};
		E9A7B9EF2B2D8F4C00F8A123 /* MacSentinelWatch */ = {
			isa = PBXGroup;
			children = (
				E9A7BA252B2D919000F8A123 /* Services */,
				E9A7BA122B2D907600F8A123 /* Models */,
				E9A7BA112B2D906C00F8A123 /* Views */,
				E9A7BA262B2D91A000F8A123 /* Utils */,
				E9A7BA132B2D908500F8A123 /* Extensions */,
				E9A7B9F02B2D8F4C00F8A123 /* AppDelegate.swift */,
				E9A7B9F22B2D8F4C00F8A123 /* ContentView.swift */,
				E9A7BA032B2D8FA200F8A123 /* MockData.swift */,
				E9A7B9F92B2D8F4D00F8A123 /* MacSentinelWatch.entitlements */,
			);
			path = MacSentinelWatch;
			sourceTree = "<group>";
		};
		E9A7BA112B2D906C00F8A123 /* Views */ = {
			isa = PBXGroup;
			children = (
				E9A7BA052B2D8FC100F8A123 /* StatusCardView.swift */,
				E9A7BA072B2D8FDE00F8A123 /* SecurityFeatureView.swift */,
				E9A7BA092B2D8FF900F8A123 /* ActivityLogsView.swift */,
				E9A7BA0B2B2D901500F8A123 /* SecurityDashboardView.swift */,
				E9A7BA0F2B2D905000F8A123 /* HeaderView.swift */,
				E9A7BA192B2D913000F8A123 /* EnhancedSecurityFeatureView.swift */,
				E9A7BA1B2B2D914000F8A123 /* EnhancedStatusCardView.swift */,
				E9A7BA1D2B2D915000F8A123 /* EnhancedSecurityDashboardView.swift */,
				E9A7BA1F2B2D916000F8A123 /* AppSidebarView.swift */,
				E9A7BA212B2D917000F8A123 /* XProtectLogsView.swift */,
			);
			path = Views;
			sourceTree = "<group>";
		};
		E9A7BA122B2D907600F8A123 /* Models */ = {
			isa = PBXGroup;
			children = (
				E9A7B9FF2B2D8F7400F8A123 /* SecurityFeature.swift */,
				E9A7BA012B2D8F8A00F8A123 /* LogEntry.swift */,
			);
			path = Models;
			sourceTree = "<group>";
		};
		E9A7BA132B2D908500F8A123 /* Extensions */ = {
			isa = PBXGroup;
			children = (
				E9A7BA0D2B2D903500F8A123 /* Color+Extensions.swift */,
			);
			path = Extensions;
			sourceTree = "<group>";
		};
		E9A7BA252B2D919000F8A123 /* Services */ = {
			isa = PBXGroup;
			children = (
				E9A7BA232B2D918000F8A123 /* SystemSecurityManager.swift */,
			);
			path = Services;
			sourceTree = "<group>";
		};
		E9A7BA262B2D91A000F8A123 /* Utils */ = {
			isa = PBXGroup;
			children = (
				E9A7BA132B2D910000F8A123 /* StatusUtils.swift */,
				E9A7BA152B2D911000F8A123 /* DateFormatters.swift */,
				E9A7BA172B2D912000F8A123 /* SecurityFeatureIcon.swift */,
			);
			path = Utils;
			sourceTree = "<group>";
		};
/* End PBXGroup section */

/* Begin PBXNativeTarget section */
		E9A7B9EC2B2D8F4C00F8A123 /* MacSentinelWatch */ = {
			isa = PBXNativeTarget;
			buildConfigurationList = E9A7B9FC2B2D8F4D00F8A123 /* Build configuration list for PBXNativeTarget "MacSentinelWatch" */;
			buildPhases = (
				E9A7B9E92B2D8F4C00F8A123 /* Sources */,
				E9A7B9EA2B2D8F4C00F8A123 /* Frameworks */,
				E9A7B9EB2B2D8F4C00F8A123 /* Resources */,
			);
			buildRules = (
			);
			dependencies = (
			);
			name = MacSentinelWatch;
			productName = MacSentinelWatch;
			productReference = E9A7B9ED2B2D8F4C00F8A123 /* MacSentinelWatch.app */;
			productType = "com.apple.product-type.application";
		};
/* End PBXNativeTarget section */

/* Begin PBXProject section */
		E9A7B9E52B2D8F4C00F8A123 /* Project object */ = {
			isa = PBXProject;
			attributes = {
				BuildIndependentTargetsInParallel = 1;
				LastSwiftUpdateCheck = 1500;
				LastUpgradeCheck = 1500;
				TargetAttributes = {
					E9A7B9EC2B2D8F4C00F8A123 = {
						CreatedOnToolsVersion = 15.0.1;
					};
				};
			};
			buildConfigurationList = E9A7B9E82B2D8F4C00F8A123 /* Build configuration list for PBXProject "MacSentinelWatch" */;
			compatibilityVersion = "Xcode 14.0";
			developmentRegion = en;
			hasScannedForEncodings = 0;
			knownRegions = (
				en,
				Base,
			);
			mainGroup = E9A7B9E42B2D8F4C00F8A123;
			productRefGroup = E9A7B9EE2B2D8F4C00F8A123 /* Products */;
			projectDirPath = "";
			projectRoot = "";
			targets = (
				E9A7B9EC2B2D8F4C00F8A123 /* MacSentinelWatch */,
			);
		};
/* End PBXProject section */

/* Begin PBXResourcesBuildPhase section */
		E9A7B9EB2B2D8F4C00F8A123 /* Resources */ = {
			isa = PBXResourcesBuildPhase;
			buildActionMask = 2147483647;
			files = (
			);
			runOnlyForDeploymentPostprocessing = 0;
		};
/* End PBXResourcesBuildPhase section */

/* Begin PBXSourcesBuildPhase section */
		E9A7B9E92B2D8F4C00F8A123 /* Sources */ = {
			isa = PBXSourcesBuildPhase;
			buildActionMask = 2147483647;
			files = (
				E9A7BA002B2D8F7400F8A123 /* SecurityFeature.swift in Sources */,
				E9A7BA022B2D8F8A00F8A123 /* LogEntry.swift in Sources */,
				E9A7BA042B2D8FA200F8A123 /* MockData.swift in Sources */,
				E9A7BA062B2D8FC100F8A123 /* StatusCardView.swift in Sources */,
				E9A7BA082B2D8FDE00F8A123 /* SecurityFeatureView.swift in Sources */,
				E9A7BA0A2B2D8FF900F8A123 /* ActivityLogsView.swift in Sources */,
				E9A7BA0C2B2D901500F8A123 /* SecurityDashboardView.swift in Sources */,
				E9A7BA0E2B2D903500F8A123 /* Color+Extensions.swift in Sources */,
				E9A7BA102B2D905000F8A123 /* HeaderView.swift in Sources */,
				E9A7BA142B2D910000F8A123 /* StatusUtils.swift in Sources */,
				E9A7BA162B2D911000F8A123 /* DateFormatters.swift in Sources */,
				E9A7BA182B2D912000F8A123 /* SecurityFeatureIcon.swift in Sources */,
				E9A7BA1A2B2D913000F8A123 /* EnhancedSecurityFeatureView.swift in Sources */,
				E9A7BA1C2B2D914000F8A123 /* EnhancedStatusCardView.swift in Sources */,
				E9A7BA1E2B2D915000F8A123 /* EnhancedSecurityDashboardView.swift in Sources */,
				E9A7BA202B2D916000F8A123 /* AppSidebarView.swift in Sources */,
				E9A7BA222B2D917000F8A123 /* XProtectLogsView.swift in Sources */,
				E9A7BA242B2D918000F8A123 /* SystemSecurityManager.swift in Sources */,
				E9A7B9F32B2D8F4C00F8A123 /* ContentView.swift in Sources */,
				E9A7B9F12B2D8F4C00F8A123 /* AppDelegate.swift in Sources */,
			);
			runOnlyForDeploymentPostprocessing = 0;
		};
/* End PBXSourcesBuildPhase section */

/* Begin XCBuildConfiguration section */
		E9A7B9FA2B2D8F4D00F8A123 /* Debug */ = {
			isa = XCBuildConfiguration;
			buildSettings = {
				ALWAYS_SEARCH_USER_PATHS = NO;
				ASSETCATALOG_COMPILER_GENERATE_SWIFT_ASSET_SYMBOL_EXTENSIONS = YES;
				CLANG_ANALYZER_NONNULL = YES;
				CLANG_ANALYZER_NUMBER_OBJECT_CONVERSION = YES_AGGRESSIVE;
				CLANG_CXX_LANGUAGE_STANDARD = "gnu++20";
				CLANG_ENABLE_MODULES = YES;
				CLANG_ENABLE_OBJC_ARC = YES;
				CLANG_ENABLE_OBJC_WEAK = YES;
				CLANG_WARN_BLOCK_CAPTURE_AUTORELEASING = YES;
				CLANG_WARN_BOOL_CONVERSION = YES;
				CLANG_WARN_COMMA = YES;
				CLANG_WARN_CONSTANT_CONVERSION = YES;
				CLANG_WARN_DEPRECATED_OBJC_IMPLEMENTATIONS = YES;
				CLANG_WARN_DIRECT_OBJC_ISA_USAGE = YES_ERROR;
				CLANG_WARN_DOCUMENTATION_COMMENTS = YES;
				CLANG_WARN_EMPTY_BODY = YES;
				CLANG_WARN_ENUM_CONVERSION = YES;
				CLANG_WARN_INFINITE_RECURSION = YES;
				CLANG_WARN_INT_CONVERSION = YES;
				CLANG_WARN_NON_LITERAL_NULL_CONVERSION = YES;
				CLANG_WARN_OBJC_IMPLICIT_RETAIN_SELF = YES;
				CLANG_WARN_OBJC_LITERAL_CONVERSION = YES;
				CLANG_WARN_OBJC_ROOT_CLASS = YES_ERROR;
				CLANG_WARN_QUOTED_INCLUDE_IN_FRAMEWORK_HEADER = YES;
				CLANG_WARN_RANGE_LOOP_ANALYSIS = YES;
				CLANG_WARN_STRICT_PROTOTYPES = YES;
				CLANG_WARN_SUSPICIOUS_MOVE = YES;
				CLANG_WARN_UNGUARDED_AVAILABILITY = YES_AGGRESSIVE;
				CLANG_WARN_UNREACHABLE_CODE = YES;
				CLANG_WARN__DUPLICATE_METHOD_MATCH = YES;
				COPY_PHASE_STRIP = NO;
				DEBUG_INFORMATION_FORMAT = dwarf;
				ENABLE_STRICT_OBJC_MSGSEND = YES;
				ENABLE_TESTABILITY = YES;
				ENABLE_USER_SCRIPT_SANDBOXING = YES;
				GCC_C_LANGUAGE_STANDARD = gnu17;
				GCC_DYNAMIC_NO_PIC = NO;
				GCC_NO_COMMON_BLOCKS = YES;
				GCC_OPTIMIZATION_LEVEL = 0;
				GCC_PREPROCESSOR_DEFINITIONS = (
					"DEBUG=1",
					"$(inherited)",
				);
				GCC_WARN_64_TO_32_BIT_CONVERSION = YES;
				GCC_WARN_ABOUT_RETURN_TYPE = YES_ERROR;
				GCC_WARN_UNDECLARED_SELECTOR = YES;
				GCC_WARN_UNINITIALIZED_AUTOS = YES_AGGRESSIVE;
				GCC_WARN_UNUSED_FUNCTION = YES;
				GCC_WARN_UNUSED_VARIABLE = YES;
				LOCALIZATION_PREFERS_STRING_CATALOGS = YES;
				MACOSX_DEPLOYMENT_TARGET = 14.0;
				MTL_ENABLE_DEBUG_INFO = INCLUDE_SOURCE;
				MTL_FAST_MATH = YES;
				ONLY_ACTIVE_ARCH = YES;
				SDKROOT = macosx;
				SWIFT_ACTIVE_COMPILATION_CONDITIONS = "DEBUG $(inherited)";
				SWIFT_OPTIMIZATION_LEVEL = "-Onone";
			};
			name = Debug;
		};
		E9A7B9FB2B2D8F4D00F8A123 /* Release */ = {
			isa = XCBuildConfiguration;
			buildSettings = {
				ALWAYS_SEARCH_USER_PATHS = NO;
				ASSETCATALOG_COMPILER_GENERATE_SWIFT_ASSET_SYMBOL_EXTENSIONS = YES;
				CLANG_ANALYZER_NONNULL = YES;
				CLANG_ANALYZER_NUMBER_OBJECT_CONVERSION = YES_AGGRESSIVE;
				CLANG_CXX_LANGUAGE_STANDARD = "gnu++20";
				CLANG_ENABLE_MODULES = YES;
				CLANG_ENABLE_OBJC_ARC = YES;
				CLANG_ENABLE_OBJC_WEAK = YES;
				CLANG_WARN_BLOCK_CAPTURE_AUTORELEASING = YES;
				CLANG_WARN_BOOL_CONVERSION = YES;
				CLANG_WARN_COMMA = YES;
				CLANG_WARN_CONSTANT_CONVERSION = YES;
				CLANG_WARN_DEPRECATED_OBJC_IMPLEMENTATIONS = YES;
				CLANG_WARN_DIRECT_OBJC_ISA_USAGE = YES_ERROR;
				CLANG_WARN_DOCUMENTATION_COMMENTS = YES;
				CLANG_WARN_EMPTY_BODY = YES;
				CLANG_WARN_ENUM_CONVERSION = YES;
				CLANG_WARN_INFINITE_RECURSION = YES;
				CLANG_WARN_INT_CONVERSION = YES;
				CLANG_WARN_NON_LITERAL_NULL_CONVERSION = YES;
				CLANG_WARN_OBJC_IMPLICIT_RETAIN_SELF = YES;
				CLANG_WARN_OBJC_LITERAL_CONVERSION = YES;
				CLANG_WARN_OBJC_ROOT_CLASS = YES_ERROR;
				CLANG_WARN_QUOTED_INCLUDE_IN_FRAMEWORK_HEADER = YES;
				CLANG_WARN_RANGE_LOOP_ANALYSIS = YES;
				CLANG_WARN_STRICT_PROTOTYPES = YES;
				CLANG_WARN_SUSPICIOUS_MOVE = YES;
				CLANG_WARN_UNGUARDED_AVAILABILITY = YES_AGGRESSIVE;
				CLANG_WARN_UNREACHABLE_CODE = YES;
				CLANG_WARN__DUPLICATE_METHOD_MATCH = YES;
				COPY_PHASE_STRIP = NO;
				DEBUG_INFORMATION_FORMAT = "dwarf-with-dsym";
				ENABLE_NS_ASSERTIONS = NO;
				ENABLE_STRICT_OBJC_MSGSEND = YES;
				ENABLE_USER_SCRIPT_SANDBOXING = YES;
				GCC_C_LANGUAGE_STANDARD = gnu17;
				GCC_NO_COMMON_BLOCKS = YES;
				GCC_WARN_64_TO_32_BIT_CONVERSION = YES;
				GCC_WARN_ABOUT_RETURN_TYPE = YES_ERROR;
				GCC_WARN_UNDECLARED_SELECTOR = YES;
				GCC_WARN_UNINITIALIZED_AUTOS = YES_AGGRESSIVE;
				GCC_WARN_UNUSED_FUNCTION = YES;
				GCC_WARN_UNUSED_VARIABLE = YES;
				LOCALIZATION_PREFERS_STRING_CATALOGS = YES;
				MACOSX_DEPLOYMENT_TARGET = 14.0;
				MTL_ENABLE_DEBUG_INFO = NO;
				MTL_FAST_MATH = YES;
				SDKROOT = macosx;
				SWIFT_COMPILATION_MODE = wholemodule;
			};
			name = Release;
		};
		E9A7B9FD2B2D8F4D00F8A123 /* Debug */ = {
			isa = XCBuildConfiguration;
			buildSettings = {
				CODE_SIGN_ENTITLEMENTS = MacSentinelWatch/MacSentinelWatch.entitlements;
				CODE_SIGN_STYLE = Automatic;
				CODE_SIGN_ALLOW_ENTITLEMENTS_MODIFICATION = YES;
				COMBINE_HIDPI_IMAGES = YES;
				CURRENT_PROJECT_VERSION = 1;
				ENABLE_HARDENED_RUNTIME = YES;
				ENABLE_PREVIEWS = YES;
				GENERATE_INFOPLIST_FILE = YES;
				INFOPLIST_KEY_NSHumanReadableCopyright = "";
				INFOPLIST_KEY_NSMainStoryboardFile = Main;
				INFOPLIST_KEY_NSPrincipalClass = NSApplication;
				LD_RUNPATH_SEARCH_PATHS = (
					"$(inherited)",
					"@executable_path/../Frameworks",
				);
				MARKETING_VERSION = 1.0;
				PRODUCT_BUNDLE_IDENTIFIER = app.lovable.MacSentinelWatch;
				PRODUCT_NAME = "$(TARGET_NAME)";
				SWIFT_EMIT_LOC_STRINGS = YES;
				SWIFT_VERSION = 5.0;
			};
			name = Debug;
		};
		E9A7B9FE2B2D8F4D00F8A123 /* Release */ = {
			isa = XCBuildConfiguration;
			buildSettings = {
				CODE_SIGN_ENTITLEMENTS = MacSentinelWatch/MacSentinelWatch.entitlements;
				CODE_SIGN_STYLE = Automatic;
				CODE_SIGN_ALLOW_ENTITLEMENTS_MODIFICATION = YES;
				COMBINE_HIDPI_IMAGES = YES;
				CURRENT_PROJECT_VERSION = 1;
				ENABLE_HARDENED_RUNTIME = YES;
				ENABLE_PREVIEWS = YES;
				GENERATE_INFOPLIST_FILE = YES;
				INFOPLIST_KEY_NSHumanReadableCopyright = "";
				INFOPLIST_KEY_NSMainStoryboardFile = Main;
				INFOPLIST_KEY_NSPrincipalClass = NSApplication;
				LD_RUNPATH_SEARCH_PATHS = (
					"$(inherited)",
					"@executable_path/../Frameworks",
				);
				MARKETING_VERSION = 1.0;
				PRODUCT_BUNDLE_IDENTIFIER = app.lovable.MacSentinelWatch;
				PRODUCT_NAME = "$(TARGET_NAME)";
				SWIFT_EMIT_LOC_STRINGS = YES;
				SWIFT_VERSION = 5.0;
			};
			name = Release;
		};
/* End XCBuildConfiguration section */

/* Begin XCConfigurationList section */
		E9A7B9E82B2D8F4C00F8A123 /* Build configuration list for PBXProject "MacSentinelWatch" */ = {
			isa = XCConfigurationList;
			buildConfigurations = (
				E9A7B9FA2B2D8F4D00F8A123 /* Debug */,
				E9A7B9FB2B2D8F4D00F8A123 /* Release */,
			);
			defaultConfigurationIsVisible = 0;
			defaultConfigurationName = Release;
		};
		E9A7B9FC2B2D8F4D00F8A123 /* Build configuration list for PBXNativeTarget "MacSentinelWatch" */ = {
			isa = XCConfigurationList;
			buildConfigurations = (
				E9A7B9FD2B2D8F4D00F8A123 /* Debug */,
				E9A7B9FE2B2D8F4D00F8A123 /* Release */,
			);
			defaultConfigurationIsVisible = 0;
			defaultConfigurationName = Release;
		};
/* End XCConfigurationList section */
	};
	rootObject = E9A7B9E52B2D8F4C00F8A123 /* Project object */;
}
